
Microsoft Visual Studio Solution File, Format Version 12.00
# Visual Studio Version 17
VisualStudioVersion = 17.0.32014.148
MinimumVisualStudioVersion = 10.0.40219.1
Project("{8BC9CEB8-8B4A-11D0-8D11-00A0C91BC942}") = "Selection Sort", "Selection Sort\Selection Sort.vcxproj", "{1C3F2BE1-6EB5-4486-805A-B0130482B40A}"
EndProject
Global
	GlobalSection(SolutionConfigurationPlatforms) = preSolution
		Debug|x64 = Debug|x64
		Debug|x86 = Debug|x86
		Release|x64 = Release|x64
		Release|x86 = Release|x86
	EndGlobalSection
	GlobalSection(ProjectConfigurationPlatforms) = postSolution
		{1C3F2BE1-6EB5-4486-805A-B0130482B40A}.Debug|x64.ActiveCfg = Debug|x64
		{1C3F2BE1-6EB5-4486-805A-B0130482B40A}.Debug|x64.Build.0 = Debug|x64
		{1C3F2BE1-6EB5-4486-805A-B0130482B40A}.Debug|x86.ActiveCfg = Debug|Win32
		{1C3F2BE1-6EB5-4486-805A-B0130482B40A}.Debug|x86.Build.0 = Debug|Win32
		{1C3F2BE1-6EB5-4486-805A-B0130482B40A}.Release|x64.ActiveCfg = Release|x64
		{1C3F2BE1-6EB5-4486-805A-B0130482B40A}.Release|x64.Build.0 = Release|x64
		{1C3F2BE1-6EB5-4486-805A-B0130482B40A}.Release|x86.ActiveCfg = Release|Win32
		{1C3F2BE1-6EB5-4486-805A-B0130482B40A}.Release|x86.Build.0 = Release|Win32
	EndGlobalSection
	GlobalSection(SolutionProperties) = preSolution
		HideSolutionNode = FALSE
	EndGlobalSection
	GlobalSection(ExtensibilityGlobals) = postSolution
		SolutionGuid = {14BE7366-B433-4CB8-84F5-91CF11E55657}
	EndGlobalSection
EndGlobal
